
Microsoft Visual Studio Solution File, Format Version 12.00
# Visual Studio Version 17
VisualStudioVersion = 17.3.32929.385
MinimumVisualStudioVersion = 10.0.40219.1
Project("{FAE04EC0-301F-11D3-BF4B-00C04F79EFBC}") = "SubscriptionMAN.API.Presentation", "SubscriptionMAN.API\SubscriptionMAN.API.Presentation.csproj", "{33B87B12-03F8-4EBE-8D5F-C71BAE3D008F}"
EndProject
Project("{FAE04EC0-301F-11D3-BF4B-00C04F79EFBC}") = "SubscriptionMAN.API.Core", "SubscriptionMAN.API.Domain\SubscriptionMAN.API.Core.csproj", "{A3E6C1A3-CB19-4BF5-BE86-3595D4A8A8E5}"
EndProject
Project("{FAE04EC0-301F-11D3-BF4B-00C04F79EFBC}") = "SubscriptionMAN.API.Infrastructure", "SubscriptionMAN.API.Infrastructure\SubscriptionMAN.API.Infrastructure.csproj", "{D7B3507B-05A0-47ED-A31A-F811D79A035C}"
EndProject
Global
	GlobalSection(SolutionConfigurationPlatforms) = preSolution
		Debug|Any CPU = Debug|Any CPU
		Release|Any CPU = Release|Any CPU
	EndGlobalSection
	GlobalSection(ProjectConfigurationPlatforms) = postSolution
		{33B87B12-03F8-4EBE-8D5F-C71BAE3D008F}.Debug|Any CPU.ActiveCfg = Debug|Any CPU
		{33B87B12-03F8-4EBE-8D5F-C71BAE3D008F}.Debug|Any CPU.Build.0 = Debug|Any CPU
		{33B87B12-03F8-4EBE-8D5F-C71BAE3D008F}.Release|Any CPU.ActiveCfg = Release|Any CPU
		{33B87B12-03F8-4EBE-8D5F-C71BAE3D008F}.Release|Any CPU.Build.0 = Release|Any CPU
		{A3E6C1A3-CB19-4BF5-BE86-3595D4A8A8E5}.Debug|Any CPU.ActiveCfg = Debug|Any CPU
		{A3E6C1A3-CB19-4BF5-BE86-3595D4A8A8E5}.Debug|Any CPU.Build.0 = Debug|Any CPU
		{A3E6C1A3-CB19-4BF5-BE86-3595D4A8A8E5}.Release|Any CPU.ActiveCfg = Release|Any CPU
		{A3E6C1A3-CB19-4BF5-BE86-3595D4A8A8E5}.Release|Any CPU.Build.0 = Release|Any CPU
		{D7B3507B-05A0-47ED-A31A-F811D79A035C}.Debug|Any CPU.ActiveCfg = Debug|Any CPU
		{D7B3507B-05A0-47ED-A31A-F811D79A035C}.Debug|Any CPU.Build.0 = Debug|Any CPU
		{D7B3507B-05A0-47ED-A31A-F811D79A035C}.Release|Any CPU.ActiveCfg = Release|Any CPU
		{D7B3507B-05A0-47ED-A31A-F811D79A035C}.Release|Any CPU.Build.0 = Release|Any CPU
	EndGlobalSection
	GlobalSection(SolutionProperties) = preSolution
		HideSolutionNode = FALSE
	EndGlobalSection
	GlobalSection(ExtensibilityGlobals) = postSolution
		SolutionGuid = {FA546632-2765-498B-AD12-C5191E7BC7DA}
	EndGlobalSection
EndGlobal
